
Microsoft Visual Studio Solution File, Format Version 12.00
# Visual Studio Version 16
VisualStudioVersion = 16.0.31005.135
MinimumVisualStudioVersion = 10.0.40219.1
Project("{FAE04EC0-301F-11D3-BF4B-00C04F79EFBC}") = "LesBouclesExo4", "LesBouclesExo4.csproj", "{1B0A6B31-8765-4C50-9485-2D816A9169B8}"
EndProject
Global
	GlobalSection(SolutionConfigurationPlatforms) = preSolution
		Debug|Any CPU = Debug|Any CPU
		Release|Any CPU = Release|Any CPU
	EndGlobalSection
	GlobalSection(ProjectConfigurationPlatforms) = postSolution
		{1B0A6B31-8765-4C50-9485-2D816A9169B8}.Debug|Any CPU.ActiveCfg = Debug|Any CPU
		{1B0A6B31-8765-4C50-9485-2D816A9169B8}.Debug|Any CPU.Build.0 = Debug|Any CPU
		{1B0A6B31-8765-4C50-9485-2D816A9169B8}.Release|Any CPU.ActiveCfg = Release|Any CPU
		{1B0A6B31-8765-4C50-9485-2D816A9169B8}.Release|Any CPU.Build.0 = Release|Any CPU
	EndGlobalSection
	GlobalSection(SolutionProperties) = preSolution
		HideSolutionNode = FALSE
	EndGlobalSection
	GlobalSection(ExtensibilityGlobals) = postSolution
		SolutionGuid = {5E551E16-1088-4929-8762-977EB3721A4C}
	EndGlobalSection
EndGlobal
